// !$*UTF8*$!
{
	archiveVersion = 1;
	classes = {
	};
	objectVersion = 77;
	objects = {

/* Begin PBXBuildFile section */
		A10000000000000000000001 /* FurtherApp.swift in Sources */ = {isa = PBXBuildFile; fileRef = A20000000000000000000001 /* FurtherApp.swift */; };
		A10000000000000000000002 /* ContentView.swift in Sources */ = {isa = PBXBuildFile; fileRef = A20000000000000000000002 /* ContentView.swift */; };
		A10000000000000000000003 /* FurtherTests.swift in Sources */ = {isa = PBXBuildFile; fileRef = A20000000000000000000003 /* FurtherTests.swift */; };
		B10000000000000000000001 /* AppComposition.swift in Sources */ = {isa = PBXBuildFile; fileRef = B20000000000000000000001 /* AppComposition.swift */; };
		B10000000000000000000002 /* AppText.swift in Sources */ = {isa = PBXBuildFile; fileRef = B20000000000000000000002 /* AppText.swift */; };
		B10000000000000000000003 /* Localizable.xcstrings in Resources */ = {isa = PBXBuildFile; fileRef = B20000000000000000000003 /* Localizable.xcstrings */; };
		B10000000000000000000004 /* FurtherUITests.swift in Sources */ = {isa = PBXBuildFile; fileRef = B20000000000000000000004 /* FurtherUITests.swift */; };
		D10000000000000000000001 /* DomainValidationError.swift in Sources */ = {isa = PBXBuildFile; fileRef = D20000000000000000000001 /* DomainValidationError.swift */; };
		D10000000000000000000002 /* Identifiers.swift in Sources */ = {isa = PBXBuildFile; fileRef = D20000000000000000000002 /* Identifiers.swift */; };
		D10000000000000000000003 /* Activity.swift in Sources */ = {isa = PBXBuildFile; fileRef = D20000000000000000000003 /* Activity.swift */; };
		D10000000000000000000004 /* Expression.swift in Sources */ = {isa = PBXBuildFile; fileRef = D20000000000000000000004 /* Expression.swift */; };
		D10000000000000000000005 /* SharedActivityRecord.swift in Sources */ = {isa = PBXBuildFile; fileRef = D20000000000000000000005 /* SharedActivityRecord.swift */; };
		D10000000000000000000006 /* Artwork.swift in Sources */ = {isa = PBXBuildFile; fileRef = D20000000000000000000006 /* Artwork.swift */; };
		D10000000000000000000007 /* TimeSource.swift in Sources */ = {isa = PBXBuildFile; fileRef = D20000000000000000000007 /* TimeSource.swift */; };
		D10000000000000000000008 /* DomainTestSamples.swift in Sources */ = {isa = PBXBuildFile; fileRef = D20000000000000000000008 /* DomainTestSamples.swift */; };
		D10000000000000000000009 /* ActivityValueTests.swift in Sources */ = {isa = PBXBuildFile; fileRef = D20000000000000000000009 /* ActivityValueTests.swift */; };
		D1000000000000000000000A /* ArtworkTests.swift in Sources */ = {isa = PBXBuildFile; fileRef = D2000000000000000000000A /* ArtworkTests.swift */; };
		D1000000000000000000000B /* SharedActivityRecordTests.swift in Sources */ = {isa = PBXBuildFile; fileRef = D2000000000000000000000B /* SharedActivityRecordTests.swift */; };
		D1000000000000000000000C /* TimeSourceTests.swift in Sources */ = {isa = PBXBuildFile; fileRef = D2000000000000000000000C /* TimeSourceTests.swift */; };
		E10000000000000000000001 /* ActivityCheckpoint.swift in Sources */ = {isa = PBXBuildFile; fileRef = E20000000000000000000001 /* ActivityCheckpoint.swift */; };
		E10000000000000000000002 /* ReflectionDraft.swift in Sources */ = {isa = PBXBuildFile; fileRef = E20000000000000000000002 /* ReflectionDraft.swift */; };
		E10000000000000000000003 /* PersistenceSchemaV1.swift in Sources */ = {isa = PBXBuildFile; fileRef = E20000000000000000000003 /* PersistenceSchemaV1.swift */; };
		E10000000000000000000004 /* FurtherModelContainer.swift in Sources */ = {isa = PBXBuildFile; fileRef = E20000000000000000000004 /* FurtherModelContainer.swift */; };
		E10000000000000000000005 /* PersistenceMapper.swift in Sources */ = {isa = PBXBuildFile; fileRef = E20000000000000000000005 /* PersistenceMapper.swift */; };
		E10000000000000000000006 /* FurtherStore.swift in Sources */ = {isa = PBXBuildFile; fileRef = E20000000000000000000006 /* FurtherStore.swift */; };
		E10000000000000000000007 /* AppBootstrap.swift in Sources */ = {isa = PBXBuildFile; fileRef = E20000000000000000000007 /* AppBootstrap.swift */; };
		E10000000000000000000008 /* FurtherStoreTests.swift in Sources */ = {isa = PBXBuildFile; fileRef = E20000000000000000000008 /* FurtherStoreTests.swift */; };
		E10000000000000000000009 /* AppBootstrapTests.swift in Sources */ = {isa = PBXBuildFile; fileRef = E20000000000000000000009 /* AppBootstrapTests.swift */; };
		E1000000000000000000000A /* PersistenceSchemaV2.swift in Sources */ = {isa = PBXBuildFile; fileRef = E2000000000000000000000A /* PersistenceSchemaV2.swift */; };
		F10000000000000000000001 /* AppRootModel.swift in Sources */ = {isa = PBXBuildFile; fileRef = F20000000000000000000001 /* AppRootModel.swift */; };
		F10000000000000000000002 /* BasicArtworkRenderer.swift in Sources */ = {isa = PBXBuildFile; fileRef = F20000000000000000000002 /* BasicArtworkRenderer.swift */; };
		F10000000000000000000003 /* ArtworkCycleOption.swift in Sources */ = {isa = PBXBuildFile; fileRef = F20000000000000000000003 /* ArtworkCycleOption.swift */; };
		F10000000000000000000004 /* AppRootModelTests.swift in Sources */ = {isa = PBXBuildFile; fileRef = F20000000000000000000004 /* AppRootModelTests.swift */; };
		F10000000000000000000005 /* BasicArtworkRendererTests.swift in Sources */ = {isa = PBXBuildFile; fileRef = F20000000000000000000005 /* BasicArtworkRendererTests.swift */; };
		G10000000000000000000001 /* RunRecorder.swift in Sources */ = {isa = PBXBuildFile; fileRef = G20000000000000000000001 /* RunRecorder.swift */; };
		G10000000000000000000002 /* RunFlowState.swift in Sources */ = {isa = PBXBuildFile; fileRef = G20000000000000000000002 /* RunFlowState.swift */; };
		G10000000000000000000003 /* RunFlowView.swift in Sources */ = {isa = PBXBuildFile; fileRef = G20000000000000000000003 /* RunFlowView.swift */; };
		G10000000000000000000004 /* RunRecorderTests.swift in Sources */ = {isa = PBXBuildFile; fileRef = G20000000000000000000004 /* RunRecorderTests.swift */; };
		H10000000000000000000001 /* ReflectionFlowState.swift in Sources */ = {isa = PBXBuildFile; fileRef = H20000000000000000000001 /* ReflectionFlowState.swift */; };
		H10000000000000000000002 /* ReflectionFlowView.swift in Sources */ = {isa = PBXBuildFile; fileRef = H20000000000000000000002 /* ReflectionFlowView.swift */; };
		H10000000000000000000003 /* ReflectionFlowTests.swift in Sources */ = {isa = PBXBuildFile; fileRef = H20000000000000000000003 /* ReflectionFlowTests.swift */; };
		I10000000000000000000001 /* LocationSource.swift in Sources */ = {isa = PBXBuildFile; fileRef = I20000000000000000000001 /* LocationSource.swift */; };
		I10000000000000000000002 /* LocationRouteAccumulator.swift in Sources */ = {isa = PBXBuildFile; fileRef = I20000000000000000000002 /* LocationRouteAccumulator.swift */; };
		I10000000000000000000003 /* CoreLocationSource.swift in Sources */ = {isa = PBXBuildFile; fileRef = I20000000000000000000003 /* CoreLocationSource.swift */; };
		I10000000000000000000004 /* LocationRouteAccumulatorTests.swift in Sources */ = {isa = PBXBuildFile; fileRef = I20000000000000000000004 /* LocationRouteAccumulatorTests.swift */; };
		J10000000000000000000001 /* LookbackState.swift in Sources */ = {isa = PBXBuildFile; fileRef = J20000000000000000000001 /* LookbackState.swift */; };
		J10000000000000000000002 /* LookbackView.swift in Sources */ = {isa = PBXBuildFile; fileRef = J20000000000000000000002 /* LookbackView.swift */; };
		J10000000000000000000003 /* ActivityRouteView.swift in Sources */ = {isa = PBXBuildFile; fileRef = J20000000000000000000003 /* ActivityRouteView.swift */; };
		J10000000000000000000004 /* LookbackStateTests.swift in Sources */ = {isa = PBXBuildFile; fileRef = J20000000000000000000004 /* LookbackStateTests.swift */; };
		J10000000000000000000005 /* ActivityRecordIndexEntry.swift in Sources */ = {isa = PBXBuildFile; fileRef = J20000000000000000000005 /* ActivityRecordIndexEntry.swift */; };
		K10000000000000000000001 /* ArtworkCollectionEntry.swift in Sources */ = {isa = PBXBuildFile; fileRef = K20000000000000000000001 /* ArtworkCollectionEntry.swift */; };
		K10000000000000000000002 /* CollectionState.swift in Sources */ = {isa = PBXBuildFile; fileRef = K20000000000000000000002 /* CollectionState.swift */; };
		K10000000000000000000003 /* CollectionView.swift in Sources */ = {isa = PBXBuildFile; fileRef = K20000000000000000000003 /* CollectionView.swift */; };
		K10000000000000000000004 /* CollectionStateTests.swift in Sources */ = {isa = PBXBuildFile; fileRef = K20000000000000000000004 /* CollectionStateTests.swift */; };
		L10000000000000000000001 /* HealthWriter.swift in Sources */ = {isa = PBXBuildFile; fileRef = L20000000000000000000001 /* HealthWriter.swift */; };
		L10000000000000000000002 /* HealthExporter.swift in Sources */ = {isa = PBXBuildFile; fileRef = L20000000000000000000002 /* HealthExporter.swift */; };
		L10000000000000000000003 /* HealthKitWriter.swift in Sources */ = {isa = PBXBuildFile; fileRef = L20000000000000000000003 /* HealthKitWriter.swift */; };
		M10000000000000000000001 /* DistanceUnit.swift in Sources */ = {isa = PBXBuildFile; fileRef = M20000000000000000000001 /* DistanceUnit.swift */; };
		M10000000000000000000002 /* SettingsState.swift in Sources */ = {isa = PBXBuildFile; fileRef = M20000000000000000000002 /* SettingsState.swift */; };
		M10000000000000000000003 /* SettingsView.swift in Sources */ = {isa = PBXBuildFile; fileRef = M20000000000000000000003 /* SettingsView.swift */; };
		N10000000000000000000001 /* HealthExporterTests.swift in Sources */ = {isa = PBXBuildFile; fileRef = N20000000000000000000001 /* HealthExporterTests.swift */; };
		N10000000000000000000002 /* SettingsTests.swift in Sources */ = {isa = PBXBuildFile; fileRef = N20000000000000000000002 /* SettingsTests.swift */; };
/* End PBXBuildFile section */

/* Begin PBXContainerItemProxy section */
		A30000000000000000000001 /* PBXContainerItemProxy */ = {
			isa = PBXContainerItemProxy;
			containerPortal = A40000000000000000000001 /* Project object */;
			proxyType = 1;
			remoteGlobalIDString = A50000000000000000000001;
			remoteInfo = Further;
		};
		B30000000000000000000001 /* PBXContainerItemProxy */ = {
			isa = PBXContainerItemProxy;
			containerPortal = A40000000000000000000001 /* Project object */;
			proxyType = 1;
			remoteGlobalIDString = A50000000000000000000001;
			remoteInfo = Further;
		};
/* End PBXContainerItemProxy section */

/* Begin PBXFileReference section */
		A20000000000000000000001 /* FurtherApp.swift */ = {isa = PBXFileReference; lastKnownFileType = sourcecode.swift; path = FurtherApp.swift; sourceTree = "<group>"; };
		A20000000000000000000002 /* ContentView.swift */ = {isa = PBXFileReference; lastKnownFileType = sourcecode.swift; path = ContentView.swift; sourceTree = "<group>"; };
		A20000000000000000000003 /* FurtherTests.swift */ = {isa = PBXFileReference; lastKnownFileType = sourcecode.swift; path = FurtherTests.swift; sourceTree = "<group>"; };
		A20000000000000000000004 /* Further.app */ = {isa = PBXFileReference; explicitFileType = wrapper.application; includeInIndex = 0; path = Further.app; sourceTree = BUILT_PRODUCTS_DIR; };
		A20000000000000000000005 /* FurtherTests.xctest */ = {isa = PBXFileReference; explicitFileType = wrapper.cfbundle; includeInIndex = 0; path = FurtherTests.xctest; sourceTree = BUILT_PRODUCTS_DIR; };
		B20000000000000000000001 /* AppComposition.swift */ = {isa = PBXFileReference; lastKnownFileType = sourcecode.swift; path = AppComposition.swift; sourceTree = "<group>"; };
		B20000000000000000000002 /* AppText.swift */ = {isa = PBXFileReference; lastKnownFileType = sourcecode.swift; path = AppText.swift; sourceTree = "<group>"; };
		B20000000000000000000003 /* Localizable.xcstrings */ = {isa = PBXFileReference; lastKnownFileType = text.json.xcstrings; path = Localizable.xcstrings; sourceTree = "<group>"; };
		B20000000000000000000004 /* FurtherUITests.swift */ = {isa = PBXFileReference; lastKnownFileType = sourcecode.swift; path = FurtherUITests.swift; sourceTree = "<group>"; };
		B20000000000000000000005 /* FurtherUITests.xctest */ = {isa = PBXFileReference; explicitFileType = wrapper.cfbundle; includeInIndex = 0; path = FurtherUITests.xctest; sourceTree = BUILT_PRODUCTS_DIR; };
		D20000000000000000000001 /* DomainValidationError.swift */ = {isa = PBXFileReference; lastKnownFileType = sourcecode.swift; path = DomainValidationError.swift; sourceTree = "<group>"; };
		D20000000000000000000002 /* Identifiers.swift */ = {isa = PBXFileReference; lastKnownFileType = sourcecode.swift; path = Identifiers.swift; sourceTree = "<group>"; };
		D20000000000000000000003 /* Activity.swift */ = {isa = PBXFileReference; lastKnownFileType = sourcecode.swift; path = Activity.swift; sourceTree = "<group>"; };
		D20000000000000000000004 /* Expression.swift */ = {isa = PBXFileReference; lastKnownFileType = sourcecode.swift; path = Expression.swift; sourceTree = "<group>"; };
		D20000000000000000000005 /* SharedActivityRecord.swift */ = {isa = PBXFileReference; lastKnownFileType = sourcecode.swift; path = SharedActivityRecord.swift; sourceTree = "<group>"; };
		D20000000000000000000006 /* Artwork.swift */ = {isa = PBXFileReference; lastKnownFileType = sourcecode.swift; path = Artwork.swift; sourceTree = "<group>"; };
		D20000000000000000000007 /* TimeSource.swift */ = {isa = PBXFileReference; lastKnownFileType = sourcecode.swift; path = TimeSource.swift; sourceTree = "<group>"; };
		D20000000000000000000008 /* DomainTestSamples.swift */ = {isa = PBXFileReference; lastKnownFileType = sourcecode.swift; path = DomainTestSamples.swift; sourceTree = "<group>"; };
		D20000000000000000000009 /* ActivityValueTests.swift */ = {isa = PBXFileReference; lastKnownFileType = sourcecode.swift; path = ActivityValueTests.swift; sourceTree = "<group>"; };
		D2000000000000000000000A /* ArtworkTests.swift */ = {isa = PBXFileReference; lastKnownFileType = sourcecode.swift; path = ArtworkTests.swift; sourceTree = "<group>"; };
		D2000000000000000000000B /* SharedActivityRecordTests.swift */ = {isa = PBXFileReference; lastKnownFileType = sourcecode.swift; path = SharedActivityRecordTests.swift; sourceTree = "<group>"; };
		D2000000000000000000000C /* TimeSourceTests.swift */ = {isa = PBXFileReference; lastKnownFileType = sourcecode.swift; path = TimeSourceTests.swift; sourceTree = "<group>"; };
		E20000000000000000000001 /* ActivityCheckpoint.swift */ = {isa = PBXFileReference; lastKnownFileType = sourcecode.swift; path = ActivityCheckpoint.swift; sourceTree = "<group>"; };
		E20000000000000000000002 /* ReflectionDraft.swift */ = {isa = PBXFileReference; lastKnownFileType = sourcecode.swift; path = ReflectionDraft.swift; sourceTree = "<group>"; };
		E20000000000000000000003 /* PersistenceSchemaV1.swift */ = {isa = PBXFileReference; lastKnownFileType = sourcecode.swift; path = PersistenceSchemaV1.swift; sourceTree = "<group>"; };
		E20000000000000000000004 /* FurtherModelContainer.swift */ = {isa = PBXFileReference; lastKnownFileType = sourcecode.swift; path = FurtherModelContainer.swift; sourceTree = "<group>"; };
		E20000000000000000000005 /* PersistenceMapper.swift */ = {isa = PBXFileReference; lastKnownFileType = sourcecode.swift; path = PersistenceMapper.swift; sourceTree = "<group>"; };
		E20000000000000000000006 /* FurtherStore.swift */ = {isa = PBXFileReference; lastKnownFileType = sourcecode.swift; path = FurtherStore.swift; sourceTree = "<group>"; };
		E20000000000000000000007 /* AppBootstrap.swift */ = {isa = PBXFileReference; lastKnownFileType = sourcecode.swift; path = AppBootstrap.swift; sourceTree = "<group>"; };
		E20000000000000000000008 /* FurtherStoreTests.swift */ = {isa = PBXFileReference; lastKnownFileType = sourcecode.swift; path = FurtherStoreTests.swift; sourceTree = "<group>"; };
		E20000000000000000000009 /* AppBootstrapTests.swift */ = {isa = PBXFileReference; lastKnownFileType = sourcecode.swift; path = AppBootstrapTests.swift; sourceTree = "<group>"; };
		E2000000000000000000000A /* PersistenceSchemaV2.swift */ = {isa = PBXFileReference; lastKnownFileType = sourcecode.swift; path = PersistenceSchemaV2.swift; sourceTree = "<group>"; };
		F20000000000000000000001 /* AppRootModel.swift */ = {isa = PBXFileReference; lastKnownFileType = sourcecode.swift; path = AppRootModel.swift; sourceTree = "<group>"; };
		F20000000000000000000002 /* BasicArtworkRenderer.swift */ = {isa = PBXFileReference; lastKnownFileType = sourcecode.swift; path = BasicArtworkRenderer.swift; sourceTree = "<group>"; };
		F20000000000000000000003 /* ArtworkCycleOption.swift */ = {isa = PBXFileReference; lastKnownFileType = sourcecode.swift; path = ArtworkCycleOption.swift; sourceTree = "<group>"; };
		F20000000000000000000004 /* AppRootModelTests.swift */ = {isa = PBXFileReference; lastKnownFileType = sourcecode.swift; path = AppRootModelTests.swift; sourceTree = "<group>"; };
		F20000000000000000000005 /* BasicArtworkRendererTests.swift */ = {isa = PBXFileReference; lastKnownFileType = sourcecode.swift; path = BasicArtworkRendererTests.swift; sourceTree = "<group>"; };
		G20000000000000000000001 /* RunRecorder.swift */ = {isa = PBXFileReference; lastKnownFileType = sourcecode.swift; path = RunRecorder.swift; sourceTree = "<group>"; };
		G20000000000000000000002 /* RunFlowState.swift */ = {isa = PBXFileReference; lastKnownFileType = sourcecode.swift; path = RunFlowState.swift; sourceTree = "<group>"; };
		G20000000000000000000003 /* RunFlowView.swift */ = {isa = PBXFileReference; lastKnownFileType = sourcecode.swift; path = RunFlowView.swift; sourceTree = "<group>"; };
		G20000000000000000000004 /* RunRecorderTests.swift */ = {isa = PBXFileReference; lastKnownFileType = sourcecode.swift; path = RunRecorderTests.swift; sourceTree = "<group>"; };
		H20000000000000000000001 /* ReflectionFlowState.swift */ = {isa = PBXFileReference; lastKnownFileType = sourcecode.swift; path = ReflectionFlowState.swift; sourceTree = "<group>"; };
		H20000000000000000000002 /* ReflectionFlowView.swift */ = {isa = PBXFileReference; lastKnownFileType = sourcecode.swift; path = ReflectionFlowView.swift; sourceTree = "<group>"; };
		H20000000000000000000003 /* ReflectionFlowTests.swift */ = {isa = PBXFileReference; lastKnownFileType = sourcecode.swift; path = ReflectionFlowTests.swift; sourceTree = "<group>"; };
		I20000000000000000000001 /* LocationSource.swift */ = {isa = PBXFileReference; lastKnownFileType = sourcecode.swift; path = LocationSource.swift; sourceTree = "<group>"; };
		I20000000000000000000002 /* LocationRouteAccumulator.swift */ = {isa = PBXFileReference; lastKnownFileType = sourcecode.swift; path = LocationRouteAccumulator.swift; sourceTree = "<group>"; };
		I20000000000000000000003 /* CoreLocationSource.swift */ = {isa = PBXFileReference; lastKnownFileType = sourcecode.swift; path = CoreLocationSource.swift; sourceTree = "<group>"; };
		I20000000000000000000004 /* LocationRouteAccumulatorTests.swift */ = {isa = PBXFileReference; lastKnownFileType = sourcecode.swift; path = LocationRouteAccumulatorTests.swift; sourceTree = "<group>"; };
		I20000000000000000000005 /* Info.plist */ = {isa = PBXFileReference; lastKnownFileType = text.plist.xml; path = Info.plist; sourceTree = "<group>"; };
		J20000000000000000000001 /* LookbackState.swift */ = {isa = PBXFileReference; lastKnownFileType = sourcecode.swift; path = LookbackState.swift; sourceTree = "<group>"; };
		J20000000000000000000002 /* LookbackView.swift */ = {isa = PBXFileReference; lastKnownFileType = sourcecode.swift; path = LookbackView.swift; sourceTree = "<group>"; };
		J20000000000000000000003 /* ActivityRouteView.swift */ = {isa = PBXFileReference; lastKnownFileType = sourcecode.swift; path = ActivityRouteView.swift; sourceTree = "<group>"; };
		J20000000000000000000004 /* LookbackStateTests.swift */ = {isa = PBXFileReference; lastKnownFileType = sourcecode.swift; path = LookbackStateTests.swift; sourceTree = "<group>"; };
		J20000000000000000000005 /* ActivityRecordIndexEntry.swift */ = {isa = PBXFileReference; lastKnownFileType = sourcecode.swift; path = ActivityRecordIndexEntry.swift; sourceTree = "<group>"; };
		K20000000000000000000001 /* ArtworkCollectionEntry.swift */ = {isa = PBXFileReference; lastKnownFileType = sourcecode.swift; path = ArtworkCollectionEntry.swift; sourceTree = "<group>"; };
		K20000000000000000000002 /* CollectionState.swift */ = {isa = PBXFileReference; lastKnownFileType = sourcecode.swift; path = CollectionState.swift; sourceTree = "<group>"; };
		K20000000000000000000003 /* CollectionView.swift */ = {isa = PBXFileReference; lastKnownFileType = sourcecode.swift; path = CollectionView.swift; sourceTree = "<group>"; };
		K20000000000000000000004 /* CollectionStateTests.swift */ = {isa = PBXFileReference; lastKnownFileType = sourcecode.swift; path = CollectionStateTests.swift; sourceTree = "<group>"; };
		L20000000000000000000001 /* HealthWriter.swift */ = {isa = PBXFileReference; lastKnownFileType = sourcecode.swift; path = HealthWriter.swift; sourceTree = "<group>"; };
		L20000000000000000000002 /* HealthExporter.swift */ = {isa = PBXFileReference; lastKnownFileType = sourcecode.swift; path = HealthExporter.swift; sourceTree = "<group>"; };
		L20000000000000000000003 /* HealthKitWriter.swift */ = {isa = PBXFileReference; lastKnownFileType = sourcecode.swift; path = HealthKitWriter.swift; sourceTree = "<group>"; };
		L20000000000000000000004 /* Further.entitlements */ = {isa = PBXFileReference; lastKnownFileType = text.plist.entitlements; path = Further.entitlements; sourceTree = "<group>"; };
		M20000000000000000000001 /* DistanceUnit.swift */ = {isa = PBXFileReference; lastKnownFileType = sourcecode.swift; path = DistanceUnit.swift; sourceTree = "<group>"; };
		M20000000000000000000002 /* SettingsState.swift */ = {isa = PBXFileReference; lastKnownFileType = sourcecode.swift; path = SettingsState.swift; sourceTree = "<group>"; };
		M20000000000000000000003 /* SettingsView.swift */ = {isa = PBXFileReference; lastKnownFileType = sourcecode.swift; path = SettingsView.swift; sourceTree = "<group>"; };
		N20000000000000000000001 /* HealthExporterTests.swift */ = {isa = PBXFileReference; lastKnownFileType = sourcecode.swift; path = HealthExporterTests.swift; sourceTree = "<group>"; };
		N20000000000000000000002 /* SettingsTests.swift */ = {isa = PBXFileReference; lastKnownFileType = sourcecode.swift; path = SettingsTests.swift; sourceTree = "<group>"; };
/* End PBXFileReference section */

/* Begin PBXFrameworksBuildPhase section */
		A60000000000000000000001 /* Frameworks */ = {
			isa = PBXFrameworksBuildPhase;
			buildActionMask = 2147483647;
			files = (
			);
			runOnlyForDeploymentPostprocessing = 0;
		};
		A60000000000000000000002 /* Frameworks */ = {
			isa = PBXFrameworksBuildPhase;
			buildActionMask = 2147483647;
			files = (
			);
			runOnlyForDeploymentPostprocessing = 0;
		};
		B60000000000000000000001 /* Frameworks */ = {
			isa = PBXFrameworksBuildPhase;
			buildActionMask = 2147483647;
			files = (
			);
			runOnlyForDeploymentPostprocessing = 0;
		};
/* End PBXFrameworksBuildPhase section */

/* Begin PBXGroup section */
		A70000000000000000000001 = {
			isa = PBXGroup;
			children = (
				A70000000000000000000002 /* Further */,
				A70000000000000000000003 /* FurtherTests */,
				B70000000000000000000010 /* FurtherUITests */,
				A70000000000000000000004 /* Products */,
			);
			sourceTree = "<group>";
		};
		A70000000000000000000002 /* Further */ = {
			isa = PBXGroup;
			children = (
				I20000000000000000000005 /* Info.plist */,
				L20000000000000000000004 /* Further.entitlements */,
				B70000000000000000000001 /* App */,
				B70000000000000000000002 /* Domain */,
				B70000000000000000000003 /* Persistence */,
				B70000000000000000000004 /* Features */,
				B7000000000000000000000B /* Integrations */,
				B7000000000000000000000E /* Artwork */,
				B7000000000000000000000F /* Support */,
				B20000000000000000000003 /* Localizable.xcstrings */,
			);
			path = Further;
			sourceTree = "<group>";
		};
		A70000000000000000000003 /* FurtherTests */ = {
			isa = PBXGroup;
			children = (
				A20000000000000000000003 /* FurtherTests.swift */,
				E70000000000000000000001 /* App */,
				F70000000000000000000001 /* Artwork */,
				G70000000000000000000001 /* Run */,
				H70000000000000000000001 /* Reflection */,
				J70000000000000000000001 /* Lookback */,
				K70000000000000000000001 /* Collection */,
				N70000000000000000000001 /* Health */,
				N70000000000000000000002 /* Settings */,
				D70000000000000000000001 /* Domain */,
				E70000000000000000000002 /* Persistence */,
			);
			path = FurtherTests;
			sourceTree = "<group>";
		};
		A70000000000000000000004 /* Products */ = {
			isa = PBXGroup;
			children = (
				A20000000000000000000004 /* Further.app */,
				A20000000000000000000005 /* FurtherTests.xctest */,
				B20000000000000000000005 /* FurtherUITests.xctest */,
			);
			name = Products;
			sourceTree = "<group>";
		};
		B70000000000000000000001 /* App */ = {
			isa = PBXGroup;
			children = (
				A20000000000000000000001 /* FurtherApp.swift */,
				B20000000000000000000001 /* AppComposition.swift */,
				E20000000000000000000007 /* AppBootstrap.swift */,
				F20000000000000000000001 /* AppRootModel.swift */,
			);
			path = App;
			sourceTree = "<group>";
		};
		B70000000000000000000002 /* Domain */ = {
			isa = PBXGroup;
			children = (
				D20000000000000000000001 /* DomainValidationError.swift */,
				D20000000000000000000002 /* Identifiers.swift */,
				D20000000000000000000003 /* Activity.swift */,
				D20000000000000000000004 /* Expression.swift */,
				D20000000000000000000005 /* SharedActivityRecord.swift */,
				D20000000000000000000006 /* Artwork.swift */,
				D20000000000000000000007 /* TimeSource.swift */,
				E20000000000000000000001 /* ActivityCheckpoint.swift */,
				E20000000000000000000002 /* ReflectionDraft.swift */,
				J20000000000000000000005 /* ActivityRecordIndexEntry.swift */,
				K20000000000000000000001 /* ArtworkCollectionEntry.swift */,
			);
			path = Domain;
			sourceTree = "<group>";
		};
		B70000000000000000000003 /* Persistence */ = {
			isa = PBXGroup;
			children = (
				E20000000000000000000003 /* PersistenceSchemaV1.swift */,
				E2000000000000000000000A /* PersistenceSchemaV2.swift */,
				E20000000000000000000004 /* FurtherModelContainer.swift */,
				E20000000000000000000005 /* PersistenceMapper.swift */,
				E20000000000000000000006 /* FurtherStore.swift */,
			);
			path = Persistence;
			sourceTree = "<group>";
		};
		B70000000000000000000004 /* Features */ = {
			isa = PBXGroup;
			children = (
				B70000000000000000000005 /* Artwork */,
				B70000000000000000000006 /* Run */,
				B70000000000000000000007 /* Reflection */,
				B70000000000000000000008 /* Lookback */,
				B70000000000000000000009 /* Collection */,
				B7000000000000000000000A /* Settings */,
			);
			path = Features;
			sourceTree = "<group>";
		};
		B70000000000000000000005 /* Artwork */ = {
			isa = PBXGroup;
			children = (
				A20000000000000000000002 /* ContentView.swift */,
				F20000000000000000000003 /* ArtworkCycleOption.swift */,
			);
			path = Artwork;
			sourceTree = "<group>";
		};
		B70000000000000000000006 /* Run */ = {
			isa = PBXGroup;
			children = (
				I20000000000000000000001 /* LocationSource.swift */,
				I20000000000000000000002 /* LocationRouteAccumulator.swift */,
				G20000000000000000000001 /* RunRecorder.swift */,
				G20000000000000000000002 /* RunFlowState.swift */,
				G20000000000000000000003 /* RunFlowView.swift */,
			);
			path = Run;
			sourceTree = "<group>";
		};
		B70000000000000000000007 /* Reflection */ = {
			isa = PBXGroup;
			children = (
				H20000000000000000000001 /* ReflectionFlowState.swift */,
				H20000000000000000000002 /* ReflectionFlowView.swift */,
			);
			path = Reflection;
			sourceTree = "<group>";
		};
		B70000000000000000000008 /* Lookback */ = {
			isa = PBXGroup;
			children = (
				J20000000000000000000001 /* LookbackState.swift */,
				J20000000000000000000002 /* LookbackView.swift */,
			);
			path = Lookback;
			sourceTree = "<group>";
		};
		B70000000000000000000009 /* Collection */ = {
			isa = PBXGroup;
			children = (
				K20000000000000000000002 /* CollectionState.swift */,
				K20000000000000000000003 /* CollectionView.swift */,
			);
			path = Collection;
			sourceTree = "<group>";
		};
		B7000000000000000000000A /* Settings */ = {
			isa = PBXGroup;
			children = (
				M20000000000000000000001 /* DistanceUnit.swift */,
				M20000000000000000000002 /* SettingsState.swift */,
				M20000000000000000000003 /* SettingsView.swift */,
			);
			path = Settings;
			sourceTree = "<group>";
		};
		B7000000000000000000000B /* Integrations */ = {
			isa = PBXGroup;
			children = (
				B7000000000000000000000C /* Location */,
				B7000000000000000000000D /* Health */,
			);
			path = Integrations;
			sourceTree = "<group>";
		};
		B7000000000000000000000C /* Location */ = {
			isa = PBXGroup;
			children = (
				I20000000000000000000003 /* CoreLocationSource.swift */,
			);
			path = Location;
			sourceTree = "<group>";
		};
		B7000000000000000000000D /* Health */ = {
			isa = PBXGroup;
			children = (
				L20000000000000000000001 /* HealthWriter.swift */,
				L20000000000000000000002 /* HealthExporter.swift */,
				L20000000000000000000003 /* HealthKitWriter.swift */,
			);
			path = Health;
			sourceTree = "<group>";
		};
		B7000000000000000000000E /* Artwork */ = {
			isa = PBXGroup;
			children = (
				F20000000000000000000002 /* BasicArtworkRenderer.swift */,
			);
			path = Artwork;
			sourceTree = "<group>";
		};
		B7000000000000000000000F /* Support */ = {
			isa = PBXGroup;
			children = (
				B20000000000000000000002 /* AppText.swift */,
				J20000000000000000000003 /* ActivityRouteView.swift */,
			);
			path = Support;
			sourceTree = "<group>";
		};
		B70000000000000000000010 /* FurtherUITests */ = {
			isa = PBXGroup;
			children = (
				B20000000000000000000004 /* FurtherUITests.swift */,
			);
			path = FurtherUITests;
			sourceTree = "<group>";
		};
		D70000000000000000000001 /* Domain */ = {
			isa = PBXGroup;
			children = (
				D20000000000000000000008 /* DomainTestSamples.swift */,
				D20000000000000000000009 /* ActivityValueTests.swift */,
				D2000000000000000000000A /* ArtworkTests.swift */,
				D2000000000000000000000B /* SharedActivityRecordTests.swift */,
				D2000000000000000000000C /* TimeSourceTests.swift */,
			);
			path = Domain;
			sourceTree = "<group>";
		};
		E70000000000000000000001 /* App */ = {
			isa = PBXGroup;
			children = (
				E20000000000000000000009 /* AppBootstrapTests.swift */,
				F20000000000000000000004 /* AppRootModelTests.swift */,
			);
			path = App;
			sourceTree = "<group>";
		};
		E70000000000000000000002 /* Persistence */ = {
			isa = PBXGroup;
			children = (
				E20000000000000000000008 /* FurtherStoreTests.swift */,
			);
			path = Persistence;
			sourceTree = "<group>";
		};
		F70000000000000000000001 /* Artwork */ = {
			isa = PBXGroup;
			children = (
				F20000000000000000000005 /* BasicArtworkRendererTests.swift */,
			);
			path = Artwork;
			sourceTree = "<group>";
		};
		G70000000000000000000001 /* Run */ = {
			isa = PBXGroup;
			children = (
				G20000000000000000000004 /* RunRecorderTests.swift */,
				I20000000000000000000004 /* LocationRouteAccumulatorTests.swift */,
			);
			path = Run;
			sourceTree = "<group>";
		};
		H70000000000000000000001 /* Reflection */ = {
			isa = PBXGroup;
			children = (
				H20000000000000000000003 /* ReflectionFlowTests.swift */,
			);
			path = Reflection;
			sourceTree = "<group>";
		};
		J70000000000000000000001 /* Lookback */ = {
			isa = PBXGroup;
			children = (
				J20000000000000000000004 /* LookbackStateTests.swift */,
			);
			path = Lookback;
			sourceTree = "<group>";
		};
		K70000000000000000000001 /* Collection */ = {
			isa = PBXGroup;
			children = (
				K20000000000000000000004 /* CollectionStateTests.swift */,
			);
			path = Collection;
			sourceTree = "<group>";
		};
		N70000000000000000000001 /* Health */ = {
			isa = PBXGroup;
			children = (
				N20000000000000000000001 /* HealthExporterTests.swift */,
			);
			path = Health;
			sourceTree = "<group>";
		};
		N70000000000000000000002 /* Settings */ = {
			isa = PBXGroup;
			children = (
				N20000000000000000000002 /* SettingsTests.swift */,
			);
			path = Settings;
			sourceTree = "<group>";
		};
/* End PBXGroup section */

/* Begin PBXNativeTarget section */
		A50000000000000000000001 /* Further */ = {
			isa = PBXNativeTarget;
			buildConfigurationList = A80000000000000000000002 /* Build configuration list for PBXNativeTarget "Further" */;
			buildPhases = (
				A90000000000000000000001 /* Sources */,
				A60000000000000000000001 /* Frameworks */,
				AA0000000000000000000001 /* Resources */,
			);
			buildRules = (
			);
			dependencies = (
			);
			name = Further;
			packageProductDependencies = (
			);
			productName = Further;
			productReference = A20000000000000000000004 /* Further.app */;
			productType = "com.apple.product-type.application";
		};
		A50000000000000000000002 /* FurtherTests */ = {
			isa = PBXNativeTarget;
			buildConfigurationList = A80000000000000000000003 /* Build configuration list for PBXNativeTarget "FurtherTests" */;
			buildPhases = (
				A90000000000000000000002 /* Sources */,
				A60000000000000000000002 /* Frameworks */,
				AA0000000000000000000002 /* Resources */,
			);
			buildRules = (
			);
			dependencies = (
				AB0000000000000000000001 /* PBXTargetDependency */,
			);
			name = FurtherTests;
			packageProductDependencies = (
			);
			productName = FurtherTests;
			productReference = A20000000000000000000005 /* FurtherTests.xctest */;
			productType = "com.apple.product-type.bundle.unit-test";
		};
		B50000000000000000000001 /* FurtherUITests */ = {
			isa = PBXNativeTarget;
			buildConfigurationList = B80000000000000000000001 /* Build configuration list for PBXNativeTarget "FurtherUITests" */;
			buildPhases = (
				B90000000000000000000001 /* Sources */,
				B60000000000000000000001 /* Frameworks */,
				BA0000000000000000000001 /* Resources */,
			);
			buildRules = (
			);
			dependencies = (
				BB0000000000000000000001 /* PBXTargetDependency */,
			);
			name = FurtherUITests;
			packageProductDependencies = (
			);
			productName = FurtherUITests;
			productReference = B20000000000000000000005 /* FurtherUITests.xctest */;
			productType = "com.apple.product-type.bundle.ui-testing";
		};
/* End PBXNativeTarget section */

/* Begin PBXProject section */
		A40000000000000000000001 /* Project object */ = {
			isa = PBXProject;
			attributes = {
				BuildIndependentTargetsInParallel = 1;
				LastSwiftUpdateCheck = 2620;
				LastUpgradeCheck = 2620;
				TargetAttributes = {
					A50000000000000000000001 = {
						CreatedOnToolsVersion = 26.2;
					};
					A50000000000000000000002 = {
						CreatedOnToolsVersion = 26.2;
						TestTargetID = A50000000000000000000001;
					};
					B50000000000000000000001 = {
						CreatedOnToolsVersion = 26.2;
						TestTargetID = A50000000000000000000001;
					};
				};
			};
			buildConfigurationList = A80000000000000000000001 /* Build configuration list for PBXProject "Further" */;
			developmentRegion = en;
			hasScannedForEncodings = 0;
			knownRegions = (
				en,
				Base,
			);
			mainGroup = A70000000000000000000001;
			minimizedProjectReferenceProxies = 1;
			preferredProjectObjectVersion = 77;
			productRefGroup = A70000000000000000000004 /* Products */;
			projectDirPath = "";
			projectRoot = "";
			targets = (
				A50000000000000000000001 /* Further */,
				A50000000000000000000002 /* FurtherTests */,
				B50000000000000000000001 /* FurtherUITests */,
			);
		};
/* End PBXProject section */

/* Begin PBXResourcesBuildPhase section */
		AA0000000000000000000001 /* Resources */ = {
			isa = PBXResourcesBuildPhase;
			buildActionMask = 2147483647;
			files = (
				B10000000000000000000003 /* Localizable.xcstrings in Resources */,
			);
			runOnlyForDeploymentPostprocessing = 0;
		};
		AA0000000000000000000002 /* Resources */ = {
			isa = PBXResourcesBuildPhase;
			buildActionMask = 2147483647;
			files = (
			);
			runOnlyForDeploymentPostprocessing = 0;
		};
		BA0000000000000000000001 /* Resources */ = {
			isa = PBXResourcesBuildPhase;
			buildActionMask = 2147483647;
			files = (
			);
			runOnlyForDeploymentPostprocessing = 0;
		};
/* End PBXResourcesBuildPhase section */

/* Begin PBXSourcesBuildPhase section */
		A90000000000000000000001 /* Sources */ = {
			isa = PBXSourcesBuildPhase;
			buildActionMask = 2147483647;
			files = (
				A10000000000000000000002 /* ContentView.swift in Sources */,
				A10000000000000000000001 /* FurtherApp.swift in Sources */,
				B10000000000000000000001 /* AppComposition.swift in Sources */,
				B10000000000000000000002 /* AppText.swift in Sources */,
				D10000000000000000000001 /* DomainValidationError.swift in Sources */,
				D10000000000000000000002 /* Identifiers.swift in Sources */,
				D10000000000000000000003 /* Activity.swift in Sources */,
				D10000000000000000000004 /* Expression.swift in Sources */,
				D10000000000000000000005 /* SharedActivityRecord.swift in Sources */,
				D10000000000000000000006 /* Artwork.swift in Sources */,
				D10000000000000000000007 /* TimeSource.swift in Sources */,
				E10000000000000000000001 /* ActivityCheckpoint.swift in Sources */,
				E10000000000000000000002 /* ReflectionDraft.swift in Sources */,
				E10000000000000000000003 /* PersistenceSchemaV1.swift in Sources */,
				E1000000000000000000000A /* PersistenceSchemaV2.swift in Sources */,
				E10000000000000000000004 /* FurtherModelContainer.swift in Sources */,
				E10000000000000000000005 /* PersistenceMapper.swift in Sources */,
				E10000000000000000000006 /* FurtherStore.swift in Sources */,
				E10000000000000000000007 /* AppBootstrap.swift in Sources */,
				F10000000000000000000001 /* AppRootModel.swift in Sources */,
				F10000000000000000000002 /* BasicArtworkRenderer.swift in Sources */,
				F10000000000000000000003 /* ArtworkCycleOption.swift in Sources */,
				G10000000000000000000001 /* RunRecorder.swift in Sources */,
				G10000000000000000000002 /* RunFlowState.swift in Sources */,
				G10000000000000000000003 /* RunFlowView.swift in Sources */,
				H10000000000000000000001 /* ReflectionFlowState.swift in Sources */,
				H10000000000000000000002 /* ReflectionFlowView.swift in Sources */,
				I10000000000000000000001 /* LocationSource.swift in Sources */,
				I10000000000000000000002 /* LocationRouteAccumulator.swift in Sources */,
				I10000000000000000000003 /* CoreLocationSource.swift in Sources */,
				J10000000000000000000001 /* LookbackState.swift in Sources */,
				J10000000000000000000002 /* LookbackView.swift in Sources */,
				J10000000000000000000003 /* ActivityRouteView.swift in Sources */,
				J10000000000000000000005 /* ActivityRecordIndexEntry.swift in Sources */,
				K10000000000000000000001 /* ArtworkCollectionEntry.swift in Sources */,
				K10000000000000000000002 /* CollectionState.swift in Sources */,
				K10000000000000000000003 /* CollectionView.swift in Sources */,
				L10000000000000000000001 /* HealthWriter.swift in Sources */,
				L10000000000000000000002 /* HealthExporter.swift in Sources */,
				L10000000000000000000003 /* HealthKitWriter.swift in Sources */,
				M10000000000000000000001 /* DistanceUnit.swift in Sources */,
				M10000000000000000000002 /* SettingsState.swift in Sources */,
				M10000000000000000000003 /* SettingsView.swift in Sources */,
			);
			runOnlyForDeploymentPostprocessing = 0;
		};
		A90000000000000000000002 /* Sources */ = {
			isa = PBXSourcesBuildPhase;
			buildActionMask = 2147483647;
			files = (
				A10000000000000000000003 /* FurtherTests.swift in Sources */,
				D10000000000000000000008 /* DomainTestSamples.swift in Sources */,
				D10000000000000000000009 /* ActivityValueTests.swift in Sources */,
				D1000000000000000000000A /* ArtworkTests.swift in Sources */,
				D1000000000000000000000B /* SharedActivityRecordTests.swift in Sources */,
				D1000000000000000000000C /* TimeSourceTests.swift in Sources */,
				E10000000000000000000008 /* FurtherStoreTests.swift in Sources */,
				E10000000000000000000009 /* AppBootstrapTests.swift in Sources */,
				F10000000000000000000004 /* AppRootModelTests.swift in Sources */,
				F10000000000000000000005 /* BasicArtworkRendererTests.swift in Sources */,
				G10000000000000000000004 /* RunRecorderTests.swift in Sources */,
				H10000000000000000000003 /* ReflectionFlowTests.swift in Sources */,
				I10000000000000000000004 /* LocationRouteAccumulatorTests.swift in Sources */,
				J10000000000000000000004 /* LookbackStateTests.swift in Sources */,
				K10000000000000000000004 /* CollectionStateTests.swift in Sources */,
				N10000000000000000000001 /* HealthExporterTests.swift in Sources */,
				N10000000000000000000002 /* SettingsTests.swift in Sources */,
			);
			runOnlyForDeploymentPostprocessing = 0;
		};
		B90000000000000000000001 /* Sources */ = {
			isa = PBXSourcesBuildPhase;
			buildActionMask = 2147483647;
			files = (
				B10000000000000000000004 /* FurtherUITests.swift in Sources */,
			);
			runOnlyForDeploymentPostprocessing = 0;
		};
/* End PBXSourcesBuildPhase section */

/* Begin PBXTargetDependency section */
		AB0000000000000000000001 /* PBXTargetDependency */ = {
			isa = PBXTargetDependency;
			target = A50000000000000000000001 /* Further */;
			targetProxy = A30000000000000000000001 /* PBXContainerItemProxy */;
		};
		BB0000000000000000000001 /* PBXTargetDependency */ = {
			isa = PBXTargetDependency;
			target = A50000000000000000000001 /* Further */;
			targetProxy = B30000000000000000000001 /* PBXContainerItemProxy */;
		};
/* End PBXTargetDependency section */

/* Begin XCBuildConfiguration section */
		AC0000000000000000000001 /* Debug */ = {
			isa = XCBuildConfiguration;
			buildSettings = {
				ALWAYS_SEARCH_USER_PATHS = NO;
				CLANG_ENABLE_MODULES = YES;
				CLANG_ENABLE_OBJC_ARC = YES;
				COPY_PHASE_STRIP = NO;
				DEBUG_INFORMATION_FORMAT = dwarf;
				ENABLE_TESTABILITY = YES;
				GCC_C_LANGUAGE_STANDARD = gnu17;
				GCC_OPTIMIZATION_LEVEL = 0;
				IPHONEOS_DEPLOYMENT_TARGET = 18.0;
				MTL_ENABLE_DEBUG_INFO = INCLUDE_SOURCE;
				ONLY_ACTIVE_ARCH = YES;
				SDKROOT = iphoneos;
				SWIFT_ACTIVE_COMPILATION_CONDITIONS = "DEBUG $(inherited)";
				SWIFT_OPTIMIZATION_LEVEL = "-Onone";
			};
			name = Debug;
		};
		AC0000000000000000000002 /* Release */ = {
			isa = XCBuildConfiguration;
			buildSettings = {
				ALWAYS_SEARCH_USER_PATHS = NO;
				CLANG_ENABLE_MODULES = YES;
				CLANG_ENABLE_OBJC_ARC = YES;
				COPY_PHASE_STRIP = YES;
				DEBUG_INFORMATION_FORMAT = "dwarf-with-dsym";
				GCC_C_LANGUAGE_STANDARD = gnu17;
				IPHONEOS_DEPLOYMENT_TARGET = 18.0;
				MTL_ENABLE_DEBUG_INFO = NO;
				SDKROOT = iphoneos;
				SWIFT_COMPILATION_MODE = wholemodule;
				VALIDATE_PRODUCT = YES;
			};
			name = Release;
		};
		AC0000000000000000000003 /* Debug */ = {
			isa = XCBuildConfiguration;
			buildSettings = {
				CODE_SIGN_ENTITLEMENTS = Further/Further.entitlements;
				CODE_SIGN_STYLE = Automatic;
				CURRENT_PROJECT_VERSION = 1;
				DEVELOPMENT_TEAM = FUDZHCT6A5;
				GENERATE_INFOPLIST_FILE = YES;
				INFOPLIST_FILE = Further/Info.plist;
				INFOPLIST_KEY_CFBundleDisplayName = Further;
				INFOPLIST_KEY_LSApplicationCategoryType = "public.app-category.healthcare-fitness";
				INFOPLIST_KEY_UIApplicationSceneManifest_Generation = YES;
				INFOPLIST_KEY_UIApplicationSupportsIndirectInputEvents = YES;
				INFOPLIST_KEY_UILaunchScreen_Generation = YES;
				MARKETING_VERSION = 0.1.0;
				PRODUCT_BUNDLE_IDENTIFIER = com.lishanyang.Further;
				PRODUCT_NAME = "$(TARGET_NAME)";
				SUPPORTED_PLATFORMS = "iphoneos iphonesimulator";
				SWIFT_EMIT_LOC_STRINGS = YES;
				SWIFT_STRICT_CONCURRENCY = complete;
				SWIFT_VERSION = 6.0;
				TARGETED_DEVICE_FAMILY = 1;
			};
			name = Debug;
		};
		AC0000000000000000000004 /* Release */ = {
			isa = XCBuildConfiguration;
			buildSettings = {
				CODE_SIGN_ENTITLEMENTS = Further/Further.entitlements;
				CODE_SIGN_STYLE = Automatic;
				CURRENT_PROJECT_VERSION = 1;
				DEVELOPMENT_TEAM = FUDZHCT6A5;
				GENERATE_INFOPLIST_FILE = YES;
				INFOPLIST_FILE = Further/Info.plist;
				INFOPLIST_KEY_CFBundleDisplayName = Further;
				INFOPLIST_KEY_LSApplicationCategoryType = "public.app-category.healthcare-fitness";
				INFOPLIST_KEY_UIApplicationSceneManifest_Generation = YES;
				INFOPLIST_KEY_UIApplicationSupportsIndirectInputEvents = YES;
				INFOPLIST_KEY_UILaunchScreen_Generation = YES;
				MARKETING_VERSION = 0.1.0;
				PRODUCT_BUNDLE_IDENTIFIER = com.lishanyang.Further;
				PRODUCT_NAME = "$(TARGET_NAME)";
				SUPPORTED_PLATFORMS = "iphoneos iphonesimulator";
				SWIFT_EMIT_LOC_STRINGS = YES;
				SWIFT_STRICT_CONCURRENCY = complete;
				SWIFT_VERSION = 6.0;
				TARGETED_DEVICE_FAMILY = 1;
			};
			name = Release;
		};
		AC0000000000000000000005 /* Debug */ = {
			isa = XCBuildConfiguration;
			buildSettings = {
				BUNDLE_LOADER = "$(TEST_HOST)";
				CODE_SIGN_STYLE = Automatic;
				GENERATE_INFOPLIST_FILE = YES;
				PRODUCT_BUNDLE_IDENTIFIER = com.lishanyang.FurtherTests;
				PRODUCT_NAME = "$(TARGET_NAME)";
				SUPPORTED_PLATFORMS = "iphoneos iphonesimulator";
				SWIFT_STRICT_CONCURRENCY = complete;
				SWIFT_VERSION = 6.0;
				TARGETED_DEVICE_FAMILY = 1;
				TEST_HOST = "$(BUILT_PRODUCTS_DIR)/Further.app/$(BUNDLE_EXECUTABLE_FOLDER_PATH)/Further";
			};
			name = Debug;
		};
		AC0000000000000000000006 /* Release */ = {
			isa = XCBuildConfiguration;
			buildSettings = {
				BUNDLE_LOADER = "$(TEST_HOST)";
				CODE_SIGN_STYLE = Automatic;
				GENERATE_INFOPLIST_FILE = YES;
				PRODUCT_BUNDLE_IDENTIFIER = com.lishanyang.FurtherTests;
				PRODUCT_NAME = "$(TARGET_NAME)";
				SUPPORTED_PLATFORMS = "iphoneos iphonesimulator";
				SWIFT_STRICT_CONCURRENCY = complete;
				SWIFT_VERSION = 6.0;
				TARGETED_DEVICE_FAMILY = 1;
				TEST_HOST = "$(BUILT_PRODUCTS_DIR)/Further.app/$(BUNDLE_EXECUTABLE_FOLDER_PATH)/Further";
			};
			name = Release;
		};
		BC0000000000000000000001 /* Debug */ = {
			isa = XCBuildConfiguration;
			buildSettings = {
				CODE_SIGN_STYLE = Automatic;
				GENERATE_INFOPLIST_FILE = YES;
				PRODUCT_BUNDLE_IDENTIFIER = com.lishanyang.FurtherUITests;
				PRODUCT_NAME = "$(TARGET_NAME)";
				SUPPORTED_PLATFORMS = "iphoneos iphonesimulator";
				SWIFT_STRICT_CONCURRENCY = complete;
				SWIFT_VERSION = 6.0;
				TARGETED_DEVICE_FAMILY = 1;
				TEST_TARGET_NAME = Further;
			};
			name = Debug;
		};
		BC0000000000000000000002 /* Release */ = {
			isa = XCBuildConfiguration;
			buildSettings = {
				CODE_SIGN_STYLE = Automatic;
				GENERATE_INFOPLIST_FILE = YES;
				PRODUCT_BUNDLE_IDENTIFIER = com.lishanyang.FurtherUITests;
				PRODUCT_NAME = "$(TARGET_NAME)";
				SUPPORTED_PLATFORMS = "iphoneos iphonesimulator";
				SWIFT_STRICT_CONCURRENCY = complete;
				SWIFT_VERSION = 6.0;
				TARGETED_DEVICE_FAMILY = 1;
				TEST_TARGET_NAME = Further;
			};
			name = Release;
		};
/* End XCBuildConfiguration section */

/* Begin XCConfigurationList section */
		A80000000000000000000001 /* Build configuration list for PBXProject "Further" */ = {
			isa = XCConfigurationList;
			buildConfigurations = (
				AC0000000000000000000001 /* Debug */,
				AC0000000000000000000002 /* Release */,
			);
			defaultConfigurationIsVisible = 0;
			defaultConfigurationName = Release;
		};
		A80000000000000000000002 /* Build configuration list for PBXNativeTarget "Further" */ = {
			isa = XCConfigurationList;
			buildConfigurations = (
				AC0000000000000000000003 /* Debug */,
				AC0000000000000000000004 /* Release */,
			);
			defaultConfigurationIsVisible = 0;
			defaultConfigurationName = Release;
		};
		A80000000000000000000003 /* Build configuration list for PBXNativeTarget "FurtherTests" */ = {
			isa = XCConfigurationList;
			buildConfigurations = (
				AC0000000000000000000005 /* Debug */,
				AC0000000000000000000006 /* Release */,
			);
			defaultConfigurationIsVisible = 0;
			defaultConfigurationName = Release;
		};
		B80000000000000000000001 /* Build configuration list for PBXNativeTarget "FurtherUITests" */ = {
			isa = XCConfigurationList;
			buildConfigurations = (
				BC0000000000000000000001 /* Debug */,
				BC0000000000000000000002 /* Release */,
			);
			defaultConfigurationIsVisible = 0;
			defaultConfigurationName = Release;
		};
/* End XCConfigurationList section */
	};
	rootObject = A40000000000000000000001 /* Project object */;
}
