// !$*UTF8*$!
{
	archiveVersion = 1;
	classes = {
	};
	objectVersion = 77;
	objects = {

/* Begin PBXBuildFile section */
		A10000000000000000000001 /* FurtherApp.swift in Sources */ = {isa = PBXBuildFile; fileRef = A20000000000000000000001 /* FurtherApp.swift */; };
		A10000000000000000000002 /* ContentView.swift in Sources */ = {isa = PBXBuildFile; fileRef = A20000000000000000000002 /* ContentView.swift */; };
		A10000000000000000000003 /* FurtherTests.swift in Sources */ = {isa = PBXBuildFile; fileRef = A20000000000000000000003 /* FurtherTests.swift */; };
		B10000000000000000000001 /* AppComposition.swift in Sources */ = {isa = PBXBuildFile; fileRef = B20000000000000000000001 /* AppComposition.swift */; };
		B10000000000000000000002 /* AppText.swift in Sources */ = {isa = PBXBuildFile; fileRef = B20000000000000000000002 /* AppText.swift */; };
		B10000000000000000000003 /* Localizable.xcstrings in Resources */ = {isa = PBXBuildFile; fileRef = B20000000000000000000003 /* Localizable.xcstrings */; };
		B10000000000000000000004 /* FurtherUITests.swift in Sources */ = {isa = PBXBuildFile; fileRef = B20000000000000000000004 /* FurtherUITests.swift */; };
/* End PBXBuildFile section */

/* Begin PBXContainerItemProxy section */
		A30000000000000000000001 /* PBXContainerItemProxy */ = {
			isa = PBXContainerItemProxy;
			containerPortal = A40000000000000000000001 /* Project object */;
			proxyType = 1;
			remoteGlobalIDString = A50000000000000000000001;
			remoteInfo = Further;
		};
		B30000000000000000000001 /* PBXContainerItemProxy */ = {
			isa = PBXContainerItemProxy;
			containerPortal = A40000000000000000000001 /* Project object */;
			proxyType = 1;
			remoteGlobalIDString = A50000000000000000000001;
			remoteInfo = Further;
		};
/* End PBXContainerItemProxy section */

/* Begin PBXFileReference section */
		A20000000000000000000001 /* FurtherApp.swift */ = {isa = PBXFileReference; lastKnownFileType = sourcecode.swift; path = FurtherApp.swift; sourceTree = "<group>"; };
		A20000000000000000000002 /* ContentView.swift */ = {isa = PBXFileReference; lastKnownFileType = sourcecode.swift; path = ContentView.swift; sourceTree = "<group>"; };
		A20000000000000000000003 /* FurtherTests.swift */ = {isa = PBXFileReference; lastKnownFileType = sourcecode.swift; path = FurtherTests.swift; sourceTree = "<group>"; };
		A20000000000000000000004 /* Further.app */ = {isa = PBXFileReference; explicitFileType = wrapper.application; includeInIndex = 0; path = Further.app; sourceTree = BUILT_PRODUCTS_DIR; };
		A20000000000000000000005 /* FurtherTests.xctest */ = {isa = PBXFileReference; explicitFileType = wrapper.cfbundle; includeInIndex = 0; path = FurtherTests.xctest; sourceTree = BUILT_PRODUCTS_DIR; };
		B20000000000000000000001 /* AppComposition.swift */ = {isa = PBXFileReference; lastKnownFileType = sourcecode.swift; path = AppComposition.swift; sourceTree = "<group>"; };
		B20000000000000000000002 /* AppText.swift */ = {isa = PBXFileReference; lastKnownFileType = sourcecode.swift; path = AppText.swift; sourceTree = "<group>"; };
		B20000000000000000000003 /* Localizable.xcstrings */ = {isa = PBXFileReference; lastKnownFileType = text.json.xcstrings; path = Localizable.xcstrings; sourceTree = "<group>"; };
		B20000000000000000000004 /* FurtherUITests.swift */ = {isa = PBXFileReference; lastKnownFileType = sourcecode.swift; path = FurtherUITests.swift; sourceTree = "<group>"; };
		B20000000000000000000005 /* FurtherUITests.xctest */ = {isa = PBXFileReference; explicitFileType = wrapper.cfbundle; includeInIndex = 0; path = FurtherUITests.xctest; sourceTree = BUILT_PRODUCTS_DIR; };
/* End PBXFileReference section */

/* Begin PBXFrameworksBuildPhase section */
		A60000000000000000000001 /* Frameworks */ = {
			isa = PBXFrameworksBuildPhase;
			buildActionMask = 2147483647;
			files = (
			);
			runOnlyForDeploymentPostprocessing = 0;
		};
		A60000000000000000000002 /* Frameworks */ = {
			isa = PBXFrameworksBuildPhase;
			buildActionMask = 2147483647;
			files = (
			);
			runOnlyForDeploymentPostprocessing = 0;
		};
		B60000000000000000000001 /* Frameworks */ = {
			isa = PBXFrameworksBuildPhase;
			buildActionMask = 2147483647;
			files = (
			);
			runOnlyForDeploymentPostprocessing = 0;
		};
/* End PBXFrameworksBuildPhase section */

/* Begin PBXGroup section */
		A70000000000000000000001 = {
			isa = PBXGroup;
			children = (
				A70000000000000000000002 /* Further */,
				A70000000000000000000003 /* FurtherTests */,
				B70000000000000000000010 /* FurtherUITests */,
				A70000000000000000000004 /* Products */,
			);
			sourceTree = "<group>";
		};
		A70000000000000000000002 /* Further */ = {
			isa = PBXGroup;
			children = (
				B70000000000000000000001 /* App */,
				B70000000000000000000002 /* Domain */,
				B70000000000000000000003 /* Persistence */,
				B70000000000000000000004 /* Features */,
				B7000000000000000000000B /* Integrations */,
				B7000000000000000000000E /* Artwork */,
				B7000000000000000000000F /* Support */,
				B20000000000000000000003 /* Localizable.xcstrings */,
			);
			path = Further;
			sourceTree = "<group>";
		};
		A70000000000000000000003 /* FurtherTests */ = {
			isa = PBXGroup;
			children = (
				A20000000000000000000003 /* FurtherTests.swift */,
			);
			path = FurtherTests;
			sourceTree = "<group>";
		};
		A70000000000000000000004 /* Products */ = {
			isa = PBXGroup;
			children = (
				A20000000000000000000004 /* Further.app */,
				A20000000000000000000005 /* FurtherTests.xctest */,
				B20000000000000000000005 /* FurtherUITests.xctest */,
			);
			name = Products;
			sourceTree = "<group>";
		};
		B70000000000000000000001 /* App */ = {
			isa = PBXGroup;
			children = (
				A20000000000000000000001 /* FurtherApp.swift */,
				B20000000000000000000001 /* AppComposition.swift */,
			);
			path = App;
			sourceTree = "<group>";
		};
		B70000000000000000000002 /* Domain */ = {
			isa = PBXGroup;
			children = (
			);
			path = Domain;
			sourceTree = "<group>";
		};
		B70000000000000000000003 /* Persistence */ = {
			isa = PBXGroup;
			children = (
			);
			path = Persistence;
			sourceTree = "<group>";
		};
		B70000000000000000000004 /* Features */ = {
			isa = PBXGroup;
			children = (
				B70000000000000000000005 /* Artwork */,
				B70000000000000000000006 /* Run */,
				B70000000000000000000007 /* Reflection */,
				B70000000000000000000008 /* Lookback */,
				B70000000000000000000009 /* Collection */,
				B7000000000000000000000A /* Settings */,
			);
			path = Features;
			sourceTree = "<group>";
		};
		B70000000000000000000005 /* Artwork */ = {
			isa = PBXGroup;
			children = (
				A20000000000000000000002 /* ContentView.swift */,
			);
			path = Artwork;
			sourceTree = "<group>";
		};
		B70000000000000000000006 /* Run */ = {
			isa = PBXGroup;
			children = (
			);
			path = Run;
			sourceTree = "<group>";
		};
		B70000000000000000000007 /* Reflection */ = {
			isa = PBXGroup;
			children = (
			);
			path = Reflection;
			sourceTree = "<group>";
		};
		B70000000000000000000008 /* Lookback */ = {
			isa = PBXGroup;
			children = (
			);
			path = Lookback;
			sourceTree = "<group>";
		};
		B70000000000000000000009 /* Collection */ = {
			isa = PBXGroup;
			children = (
			);
			path = Collection;
			sourceTree = "<group>";
		};
		B7000000000000000000000A /* Settings */ = {
			isa = PBXGroup;
			children = (
			);
			path = Settings;
			sourceTree = "<group>";
		};
		B7000000000000000000000B /* Integrations */ = {
			isa = PBXGroup;
			children = (
				B7000000000000000000000C /* Location */,
				B7000000000000000000000D /* Health */,
			);
			path = Integrations;
			sourceTree = "<group>";
		};
		B7000000000000000000000C /* Location */ = {
			isa = PBXGroup;
			children = (
			);
			path = Location;
			sourceTree = "<group>";
		};
		B7000000000000000000000D /* Health */ = {
			isa = PBXGroup;
			children = (
			);
			path = Health;
			sourceTree = "<group>";
		};
		B7000000000000000000000E /* Artwork */ = {
			isa = PBXGroup;
			children = (
			);
			path = Artwork;
			sourceTree = "<group>";
		};
		B7000000000000000000000F /* Support */ = {
			isa = PBXGroup;
			children = (
				B20000000000000000000002 /* AppText.swift */,
			);
			path = Support;
			sourceTree = "<group>";
		};
		B70000000000000000000010 /* FurtherUITests */ = {
			isa = PBXGroup;
			children = (
				B20000000000000000000004 /* FurtherUITests.swift */,
			);
			path = FurtherUITests;
			sourceTree = "<group>";
		};
/* End PBXGroup section */

/* Begin PBXNativeTarget section */
		A50000000000000000000001 /* Further */ = {
			isa = PBXNativeTarget;
			buildConfigurationList = A80000000000000000000002 /* Build configuration list for PBXNativeTarget "Further" */;
			buildPhases = (
				A90000000000000000000001 /* Sources */,
				A60000000000000000000001 /* Frameworks */,
				AA0000000000000000000001 /* Resources */,
			);
			buildRules = (
			);
			dependencies = (
			);
			name = Further;
			packageProductDependencies = (
			);
			productName = Further;
			productReference = A20000000000000000000004 /* Further.app */;
			productType = "com.apple.product-type.application";
		};
		A50000000000000000000002 /* FurtherTests */ = {
			isa = PBXNativeTarget;
			buildConfigurationList = A80000000000000000000003 /* Build configuration list for PBXNativeTarget "FurtherTests" */;
			buildPhases = (
				A90000000000000000000002 /* Sources */,
				A60000000000000000000002 /* Frameworks */,
				AA0000000000000000000002 /* Resources */,
			);
			buildRules = (
			);
			dependencies = (
				AB0000000000000000000001 /* PBXTargetDependency */,
			);
			name = FurtherTests;
			packageProductDependencies = (
			);
			productName = FurtherTests;
			productReference = A20000000000000000000005 /* FurtherTests.xctest */;
			productType = "com.apple.product-type.bundle.unit-test";
		};
		B50000000000000000000001 /* FurtherUITests */ = {
			isa = PBXNativeTarget;
			buildConfigurationList = B80000000000000000000001 /* Build configuration list for PBXNativeTarget "FurtherUITests" */;
			buildPhases = (
				B90000000000000000000001 /* Sources */,
				B60000000000000000000001 /* Frameworks */,
				BA0000000000000000000001 /* Resources */,
			);
			buildRules = (
			);
			dependencies = (
				BB0000000000000000000001 /* PBXTargetDependency */,
			);
			name = FurtherUITests;
			packageProductDependencies = (
			);
			productName = FurtherUITests;
			productReference = B20000000000000000000005 /* FurtherUITests.xctest */;
			productType = "com.apple.product-type.bundle.ui-testing";
		};
/* End PBXNativeTarget section */

/* Begin PBXProject section */
		A40000000000000000000001 /* Project object */ = {
			isa = PBXProject;
			attributes = {
				BuildIndependentTargetsInParallel = 1;
				LastSwiftUpdateCheck = 2620;
				LastUpgradeCheck = 2620;
				TargetAttributes = {
					A50000000000000000000001 = {
						CreatedOnToolsVersion = 26.2;
					};
					A50000000000000000000002 = {
						CreatedOnToolsVersion = 26.2;
						TestTargetID = A50000000000000000000001;
					};
					B50000000000000000000001 = {
						CreatedOnToolsVersion = 26.2;
						TestTargetID = A50000000000000000000001;
					};
				};
			};
			buildConfigurationList = A80000000000000000000001 /* Build configuration list for PBXProject "Further" */;
			developmentRegion = en;
			hasScannedForEncodings = 0;
			knownRegions = (
				en,
				Base,
			);
			mainGroup = A70000000000000000000001;
			minimizedProjectReferenceProxies = 1;
			preferredProjectObjectVersion = 77;
			productRefGroup = A70000000000000000000004 /* Products */;
			projectDirPath = "";
			projectRoot = "";
			targets = (
				A50000000000000000000001 /* Further */,
				A50000000000000000000002 /* FurtherTests */,
				B50000000000000000000001 /* FurtherUITests */,
			);
		};
/* End PBXProject section */

/* Begin PBXResourcesBuildPhase section */
		AA0000000000000000000001 /* Resources */ = {
			isa = PBXResourcesBuildPhase;
			buildActionMask = 2147483647;
			files = (
				B10000000000000000000003 /* Localizable.xcstrings in Resources */,
			);
			runOnlyForDeploymentPostprocessing = 0;
		};
		AA0000000000000000000002 /* Resources */ = {
			isa = PBXResourcesBuildPhase;
			buildActionMask = 2147483647;
			files = (
			);
			runOnlyForDeploymentPostprocessing = 0;
		};
		BA0000000000000000000001 /* Resources */ = {
			isa = PBXResourcesBuildPhase;
			buildActionMask = 2147483647;
			files = (
			);
			runOnlyForDeploymentPostprocessing = 0;
		};
/* End PBXResourcesBuildPhase section */

/* Begin PBXSourcesBuildPhase section */
		A90000000000000000000001 /* Sources */ = {
			isa = PBXSourcesBuildPhase;
			buildActionMask = 2147483647;
			files = (
				A10000000000000000000002 /* ContentView.swift in Sources */,
				A10000000000000000000001 /* FurtherApp.swift in Sources */,
				B10000000000000000000001 /* AppComposition.swift in Sources */,
				B10000000000000000000002 /* AppText.swift in Sources */,
			);
			runOnlyForDeploymentPostprocessing = 0;
		};
		A90000000000000000000002 /* Sources */ = {
			isa = PBXSourcesBuildPhase;
			buildActionMask = 2147483647;
			files = (
				A10000000000000000000003 /* FurtherTests.swift in Sources */,
			);
			runOnlyForDeploymentPostprocessing = 0;
		};
		B90000000000000000000001 /* Sources */ = {
			isa = PBXSourcesBuildPhase;
			buildActionMask = 2147483647;
			files = (
				B10000000000000000000004 /* FurtherUITests.swift in Sources */,
			);
			runOnlyForDeploymentPostprocessing = 0;
		};
/* End PBXSourcesBuildPhase section */

/* Begin PBXTargetDependency section */
		AB0000000000000000000001 /* PBXTargetDependency */ = {
			isa = PBXTargetDependency;
			target = A50000000000000000000001 /* Further */;
			targetProxy = A30000000000000000000001 /* PBXContainerItemProxy */;
		};
		BB0000000000000000000001 /* PBXTargetDependency */ = {
			isa = PBXTargetDependency;
			target = A50000000000000000000001 /* Further */;
			targetProxy = B30000000000000000000001 /* PBXContainerItemProxy */;
		};
/* End PBXTargetDependency section */

/* Begin XCBuildConfiguration section */
		AC0000000000000000000001 /* Debug */ = {
			isa = XCBuildConfiguration;
			buildSettings = {
				ALWAYS_SEARCH_USER_PATHS = NO;
				CLANG_ENABLE_MODULES = YES;
				CLANG_ENABLE_OBJC_ARC = YES;
				COPY_PHASE_STRIP = NO;
				DEBUG_INFORMATION_FORMAT = dwarf;
				ENABLE_TESTABILITY = YES;
				GCC_C_LANGUAGE_STANDARD = gnu17;
				GCC_OPTIMIZATION_LEVEL = 0;
				IPHONEOS_DEPLOYMENT_TARGET = 18.0;
				MTL_ENABLE_DEBUG_INFO = INCLUDE_SOURCE;
				ONLY_ACTIVE_ARCH = YES;
				SDKROOT = iphoneos;
				SWIFT_ACTIVE_COMPILATION_CONDITIONS = "DEBUG $(inherited)";
				SWIFT_OPTIMIZATION_LEVEL = "-Onone";
			};
			name = Debug;
		};
		AC0000000000000000000002 /* Release */ = {
			isa = XCBuildConfiguration;
			buildSettings = {
				ALWAYS_SEARCH_USER_PATHS = NO;
				CLANG_ENABLE_MODULES = YES;
				CLANG_ENABLE_OBJC_ARC = YES;
				COPY_PHASE_STRIP = YES;
				DEBUG_INFORMATION_FORMAT = "dwarf-with-dsym";
				GCC_C_LANGUAGE_STANDARD = gnu17;
				IPHONEOS_DEPLOYMENT_TARGET = 18.0;
				MTL_ENABLE_DEBUG_INFO = NO;
				SDKROOT = iphoneos;
				SWIFT_COMPILATION_MODE = wholemodule;
				VALIDATE_PRODUCT = YES;
			};
			name = Release;
		};
		AC0000000000000000000003 /* Debug */ = {
			isa = XCBuildConfiguration;
			buildSettings = {
				CODE_SIGN_STYLE = Automatic;
				CURRENT_PROJECT_VERSION = 1;
				DEVELOPMENT_TEAM = "";
				GENERATE_INFOPLIST_FILE = YES;
				INFOPLIST_KEY_CFBundleDisplayName = Further;
				INFOPLIST_KEY_LSApplicationCategoryType = "public.app-category.healthcare-fitness";
				INFOPLIST_KEY_UIApplicationSceneManifest_Generation = YES;
				INFOPLIST_KEY_UIApplicationSupportsIndirectInputEvents = YES;
				INFOPLIST_KEY_UILaunchScreen_Generation = YES;
				MARKETING_VERSION = 0.1.0;
				PRODUCT_BUNDLE_IDENTIFIER = com.lishanyang.Further;
				PRODUCT_NAME = "$(TARGET_NAME)";
				SUPPORTED_PLATFORMS = "iphoneos iphonesimulator";
				SWIFT_EMIT_LOC_STRINGS = YES;
				SWIFT_STRICT_CONCURRENCY = complete;
				SWIFT_VERSION = 6.0;
				TARGETED_DEVICE_FAMILY = 1;
			};
			name = Debug;
		};
		AC0000000000000000000004 /* Release */ = {
			isa = XCBuildConfiguration;
			buildSettings = {
				CODE_SIGN_STYLE = Automatic;
				CURRENT_PROJECT_VERSION = 1;
				DEVELOPMENT_TEAM = "";
				GENERATE_INFOPLIST_FILE = YES;
				INFOPLIST_KEY_CFBundleDisplayName = Further;
				INFOPLIST_KEY_LSApplicationCategoryType = "public.app-category.healthcare-fitness";
				INFOPLIST_KEY_UIApplicationSceneManifest_Generation = YES;
				INFOPLIST_KEY_UIApplicationSupportsIndirectInputEvents = YES;
				INFOPLIST_KEY_UILaunchScreen_Generation = YES;
				MARKETING_VERSION = 0.1.0;
				PRODUCT_BUNDLE_IDENTIFIER = com.lishanyang.Further;
				PRODUCT_NAME = "$(TARGET_NAME)";
				SUPPORTED_PLATFORMS = "iphoneos iphonesimulator";
				SWIFT_EMIT_LOC_STRINGS = YES;
				SWIFT_STRICT_CONCURRENCY = complete;
				SWIFT_VERSION = 6.0;
				TARGETED_DEVICE_FAMILY = 1;
			};
			name = Release;
		};
		AC0000000000000000000005 /* Debug */ = {
			isa = XCBuildConfiguration;
			buildSettings = {
				BUNDLE_LOADER = "$(TEST_HOST)";
				CODE_SIGN_STYLE = Automatic;
				GENERATE_INFOPLIST_FILE = YES;
				PRODUCT_BUNDLE_IDENTIFIER = com.lishanyang.FurtherTests;
				PRODUCT_NAME = "$(TARGET_NAME)";
				SUPPORTED_PLATFORMS = "iphoneos iphonesimulator";
				SWIFT_STRICT_CONCURRENCY = complete;
				SWIFT_VERSION = 6.0;
				TARGETED_DEVICE_FAMILY = 1;
				TEST_HOST = "$(BUILT_PRODUCTS_DIR)/Further.app/$(BUNDLE_EXECUTABLE_FOLDER_PATH)/Further";
			};
			name = Debug;
		};
		AC0000000000000000000006 /* Release */ = {
			isa = XCBuildConfiguration;
			buildSettings = {
				BUNDLE_LOADER = "$(TEST_HOST)";
				CODE_SIGN_STYLE = Automatic;
				GENERATE_INFOPLIST_FILE = YES;
				PRODUCT_BUNDLE_IDENTIFIER = com.lishanyang.FurtherTests;
				PRODUCT_NAME = "$(TARGET_NAME)";
				SUPPORTED_PLATFORMS = "iphoneos iphonesimulator";
				SWIFT_STRICT_CONCURRENCY = complete;
				SWIFT_VERSION = 6.0;
				TARGETED_DEVICE_FAMILY = 1;
				TEST_HOST = "$(BUILT_PRODUCTS_DIR)/Further.app/$(BUNDLE_EXECUTABLE_FOLDER_PATH)/Further";
			};
			name = Release;
		};
		BC0000000000000000000001 /* Debug */ = {
			isa = XCBuildConfiguration;
			buildSettings = {
				CODE_SIGN_STYLE = Automatic;
				GENERATE_INFOPLIST_FILE = YES;
				PRODUCT_BUNDLE_IDENTIFIER = com.lishanyang.FurtherUITests;
				PRODUCT_NAME = "$(TARGET_NAME)";
				SUPPORTED_PLATFORMS = "iphoneos iphonesimulator";
				SWIFT_STRICT_CONCURRENCY = complete;
				SWIFT_VERSION = 6.0;
				TARGETED_DEVICE_FAMILY = 1;
				TEST_TARGET_NAME = Further;
			};
			name = Debug;
		};
		BC0000000000000000000002 /* Release */ = {
			isa = XCBuildConfiguration;
			buildSettings = {
				CODE_SIGN_STYLE = Automatic;
				GENERATE_INFOPLIST_FILE = YES;
				PRODUCT_BUNDLE_IDENTIFIER = com.lishanyang.FurtherUITests;
				PRODUCT_NAME = "$(TARGET_NAME)";
				SUPPORTED_PLATFORMS = "iphoneos iphonesimulator";
				SWIFT_STRICT_CONCURRENCY = complete;
				SWIFT_VERSION = 6.0;
				TARGETED_DEVICE_FAMILY = 1;
				TEST_TARGET_NAME = Further;
			};
			name = Release;
		};
/* End XCBuildConfiguration section */

/* Begin XCConfigurationList section */
		A80000000000000000000001 /* Build configuration list for PBXProject "Further" */ = {
			isa = XCConfigurationList;
			buildConfigurations = (
				AC0000000000000000000001 /* Debug */,
				AC0000000000000000000002 /* Release */,
			);
			defaultConfigurationIsVisible = 0;
			defaultConfigurationName = Release;
		};
		A80000000000000000000002 /* Build configuration list for PBXNativeTarget "Further" */ = {
			isa = XCConfigurationList;
			buildConfigurations = (
				AC0000000000000000000003 /* Debug */,
				AC0000000000000000000004 /* Release */,
			);
			defaultConfigurationIsVisible = 0;
			defaultConfigurationName = Release;
		};
		A80000000000000000000003 /* Build configuration list for PBXNativeTarget "FurtherTests" */ = {
			isa = XCConfigurationList;
			buildConfigurations = (
				AC0000000000000000000005 /* Debug */,
				AC0000000000000000000006 /* Release */,
			);
			defaultConfigurationIsVisible = 0;
			defaultConfigurationName = Release;
		};
		B80000000000000000000001 /* Build configuration list for PBXNativeTarget "FurtherUITests" */ = {
			isa = XCConfigurationList;
			buildConfigurations = (
				BC0000000000000000000001 /* Debug */,
				BC0000000000000000000002 /* Release */,
			);
			defaultConfigurationIsVisible = 0;
			defaultConfigurationName = Release;
		};
/* End XCConfigurationList section */
	};
	rootObject = A40000000000000000000001 /* Project object */;
}
